
Microsoft Visual Studio Solution File, Format Version 12.00
# Visual Studio Version 17
VisualStudioVersion = 17.0.31717.71
MinimumVisualStudioVersion = 10.0.40219.1
Project("{FAE04EC0-301F-11D3-BF4B-00C04F79EFBC}") = "lab7x2", "lab7x2\lab7x2.csproj", "{11E11A02-9B9E-448D-AC9C-E64A8238739D}"
EndProject
Global
	GlobalSection(SolutionConfigurationPlatforms) = preSolution
		Debug|Any CPU = Debug|Any CPU
		Release|Any CPU = Release|Any CPU
	EndGlobalSection
	GlobalSection(ProjectConfigurationPlatforms) = postSolution
		{11E11A02-9B9E-448D-AC9C-E64A8238739D}.Debug|Any CPU.ActiveCfg = Debug|Any CPU
		{11E11A02-9B9E-448D-AC9C-E64A8238739D}.Debug|Any CPU.Build.0 = Debug|Any CPU
		{11E11A02-9B9E-448D-AC9C-E64A8238739D}.Release|Any CPU.ActiveCfg = Release|Any CPU
		{11E11A02-9B9E-448D-AC9C-E64A8238739D}.Release|Any CPU.Build.0 = Release|Any CPU
	EndGlobalSection
	GlobalSection(SolutionProperties) = preSolution
		HideSolutionNode = FALSE
	EndGlobalSection
	GlobalSection(ExtensibilityGlobals) = postSolution
		SolutionGuid = {A20A6333-2DD8-4B0E-BF59-ACADDE574C4B}
	EndGlobalSection
EndGlobal
