
Microsoft Visual Studio Solution File, Format Version 12.00
# Visual Studio Version 17
VisualStudioVersion = 17.0.31717.71
MinimumVisualStudioVersion = 10.0.40219.1
Project("{FAE04EC0-301F-11D3-BF4B-00C04F79EFBC}") = "lab9-10", "lab9-10\lab9-10.csproj", "{3B76C6B3-F2E0-46D4-A754-D964A80B2D41}"
EndProject
Global
	GlobalSection(SolutionConfigurationPlatforms) = preSolution
		Debug|Any CPU = Debug|Any CPU
		Release|Any CPU = Release|Any CPU
	EndGlobalSection
	GlobalSection(ProjectConfigurationPlatforms) = postSolution
		{3B76C6B3-F2E0-46D4-A754-D964A80B2D41}.Debug|Any CPU.ActiveCfg = Debug|Any CPU
		{3B76C6B3-F2E0-46D4-A754-D964A80B2D41}.Debug|Any CPU.Build.0 = Debug|Any CPU
		{3B76C6B3-F2E0-46D4-A754-D964A80B2D41}.Release|Any CPU.ActiveCfg = Release|Any CPU
		{3B76C6B3-F2E0-46D4-A754-D964A80B2D41}.Release|Any CPU.Build.0 = Release|Any CPU
	EndGlobalSection
	GlobalSection(SolutionProperties) = preSolution
		HideSolutionNode = FALSE
	EndGlobalSection
	GlobalSection(ExtensibilityGlobals) = postSolution
		SolutionGuid = {957B26FE-79AA-45BB-8466-F800F1C05BDB}
	EndGlobalSection
EndGlobal
