
Microsoft Visual Studio Solution File, Format Version 12.00
# Visual Studio Version 17
VisualStudioVersion = 17.0.31717.71
MinimumVisualStudioVersion = 10.0.40219.1
Project("{FAE04EC0-301F-11D3-BF4B-00C04F79EFBC}") = "lab3x2", "lab3x2\lab3x2.csproj", "{B7E0F13C-6517-429E-AF7A-70CCFCF0A335}"
EndProject
Global
	GlobalSection(SolutionConfigurationPlatforms) = preSolution
		Debug|Any CPU = Debug|Any CPU
		Release|Any CPU = Release|Any CPU
	EndGlobalSection
	GlobalSection(ProjectConfigurationPlatforms) = postSolution
		{B7E0F13C-6517-429E-AF7A-70CCFCF0A335}.Debug|Any CPU.ActiveCfg = Debug|Any CPU
		{B7E0F13C-6517-429E-AF7A-70CCFCF0A335}.Debug|Any CPU.Build.0 = Debug|Any CPU
		{B7E0F13C-6517-429E-AF7A-70CCFCF0A335}.Release|Any CPU.ActiveCfg = Release|Any CPU
		{B7E0F13C-6517-429E-AF7A-70CCFCF0A335}.Release|Any CPU.Build.0 = Release|Any CPU
	EndGlobalSection
	GlobalSection(SolutionProperties) = preSolution
		HideSolutionNode = FALSE
	EndGlobalSection
	GlobalSection(ExtensibilityGlobals) = postSolution
		SolutionGuid = {8043B408-18C9-4A07-AFC5-D53968B01E8C}
	EndGlobalSection
EndGlobal
