
Microsoft Visual Studio Solution File, Format Version 12.00
# Visual Studio Version 17
VisualStudioVersion = 17.0.31717.71
MinimumVisualStudioVersion = 10.0.40219.1
Project("{FAE04EC0-301F-11D3-BF4B-00C04F79EFBC}") = "lab5x5", "lab5x5\lab5x5.csproj", "{27D79249-D822-4771-A158-269282CB504B}"
EndProject
Global
	GlobalSection(SolutionConfigurationPlatforms) = preSolution
		Debug|Any CPU = Debug|Any CPU
		Release|Any CPU = Release|Any CPU
	EndGlobalSection
	GlobalSection(ProjectConfigurationPlatforms) = postSolution
		{27D79249-D822-4771-A158-269282CB504B}.Debug|Any CPU.ActiveCfg = Debug|Any CPU
		{27D79249-D822-4771-A158-269282CB504B}.Debug|Any CPU.Build.0 = Debug|Any CPU
		{27D79249-D822-4771-A158-269282CB504B}.Release|Any CPU.ActiveCfg = Release|Any CPU
		{27D79249-D822-4771-A158-269282CB504B}.Release|Any CPU.Build.0 = Release|Any CPU
	EndGlobalSection
	GlobalSection(SolutionProperties) = preSolution
		HideSolutionNode = FALSE
	EndGlobalSection
	GlobalSection(ExtensibilityGlobals) = postSolution
		SolutionGuid = {CB657A74-0949-4D7C-9556-99399E3AE248}
	EndGlobalSection
EndGlobal
