
Microsoft Visual Studio Solution File, Format Version 12.00
# Visual Studio Version 17
VisualStudioVersion = 17.0.31717.71
MinimumVisualStudioVersion = 10.0.40219.1
Project("{FAE04EC0-301F-11D3-BF4B-00C04F79EFBC}") = "lab7x1", "lab7x1\lab7x1.csproj", "{A606DB53-DE98-4AD6-88DB-2E4CB7DF35B1}"
EndProject
Global
	GlobalSection(SolutionConfigurationPlatforms) = preSolution
		Debug|Any CPU = Debug|Any CPU
		Release|Any CPU = Release|Any CPU
	EndGlobalSection
	GlobalSection(ProjectConfigurationPlatforms) = postSolution
		{A606DB53-DE98-4AD6-88DB-2E4CB7DF35B1}.Debug|Any CPU.ActiveCfg = Debug|Any CPU
		{A606DB53-DE98-4AD6-88DB-2E4CB7DF35B1}.Debug|Any CPU.Build.0 = Debug|Any CPU
		{A606DB53-DE98-4AD6-88DB-2E4CB7DF35B1}.Release|Any CPU.ActiveCfg = Release|Any CPU
		{A606DB53-DE98-4AD6-88DB-2E4CB7DF35B1}.Release|Any CPU.Build.0 = Release|Any CPU
	EndGlobalSection
	GlobalSection(SolutionProperties) = preSolution
		HideSolutionNode = FALSE
	EndGlobalSection
	GlobalSection(ExtensibilityGlobals) = postSolution
		SolutionGuid = {91E38F1D-2076-4493-A751-D40E2092B155}
	EndGlobalSection
EndGlobal
